
Microsoft Visual Studio Solution File, Format Version 12.00
# Visual Studio Version 16
VisualStudioVersion = 16.0.31829.152
MinimumVisualStudioVersion = 10.0.40219.1
Project("{9A19103F-16F7-4668-BE54-9A1E7A4F7556}") = "FluentInterfacePrinciple", "FluentInterfacePrinciple\FluentInterfacePrinciple.csproj", "{60946B6B-17D7-4DE9-AB5F-237BA912CF80}"
EndProject
Project("{9A19103F-16F7-4668-BE54-9A1E7A4F7556}") = "FluentInterfacePrinciple2", "FluentInterfacePrinciple2\FluentInterfacePrinciple2.csproj", "{A917D65B-AD64-49D5-988D-8CD8A84983A5}"
EndProject
Project("{9A19103F-16F7-4668-BE54-9A1E7A4F7556}") = "SingletonDesignPattern", "SingletonDesignPattern\SingletonDesignPattern.csproj", "{A473E13D-AC63-4289-8C6A-C8968A06E515}"
EndProject
Project("{9A19103F-16F7-4668-BE54-9A1E7A4F7556}") = "FacadeDesignPattern", "FacadeDesignPattern\FacadeDesignPattern.csproj", "{DC4809EA-6321-4074-9B3C-8FFC483404DB}"
EndProject
Project("{9A19103F-16F7-4668-BE54-9A1E7A4F7556}") = "FactoryDesignPattern", "FactoryDesignPattern\FactoryDesignPattern.csproj", "{EA8A8198-88E6-4CC6-AE80-4D22D02E5F05}"
EndProject
Project("{9A19103F-16F7-4668-BE54-9A1E7A4F7556}") = "AbstractFactoryDesignPattern", "AbstractFactoryDesignPattern\AbstractFactoryDesignPattern.csproj", "{ED7D0270-04B2-4F80-A337-77CABE3F62BF}"
EndProject
Project("{FAE04EC0-301F-11D3-BF4B-00C04F79EFBC}") = "AdapterDesignPattern", "AdapterDesignPattern\AdapterDesignPattern.csproj", "{00CFBDE5-1FDC-428B-8240-996FF6F42771}"
EndProject
Project("{FAE04EC0-301F-11D3-BF4B-00C04F79EFBC}") = "StrategyDesignPattern", "StrategyDesignPattern\StrategyDesignPattern.csproj", "{A081A249-8B38-44E1-96C3-8BD5272EDFEC}"
EndProject
Global
	GlobalSection(SolutionConfigurationPlatforms) = preSolution
		Debug|Any CPU = Debug|Any CPU
		Release|Any CPU = Release|Any CPU
	EndGlobalSection
	GlobalSection(ProjectConfigurationPlatforms) = postSolution
		{60946B6B-17D7-4DE9-AB5F-237BA912CF80}.Debug|Any CPU.ActiveCfg = Debug|Any CPU
		{60946B6B-17D7-4DE9-AB5F-237BA912CF80}.Debug|Any CPU.Build.0 = Debug|Any CPU
		{60946B6B-17D7-4DE9-AB5F-237BA912CF80}.Release|Any CPU.ActiveCfg = Release|Any CPU
		{60946B6B-17D7-4DE9-AB5F-237BA912CF80}.Release|Any CPU.Build.0 = Release|Any CPU
		{A917D65B-AD64-49D5-988D-8CD8A84983A5}.Debug|Any CPU.ActiveCfg = Debug|Any CPU
		{A917D65B-AD64-49D5-988D-8CD8A84983A5}.Debug|Any CPU.Build.0 = Debug|Any CPU
		{A917D65B-AD64-49D5-988D-8CD8A84983A5}.Release|Any CPU.ActiveCfg = Release|Any CPU
		{A917D65B-AD64-49D5-988D-8CD8A84983A5}.Release|Any CPU.Build.0 = Release|Any CPU
		{A473E13D-AC63-4289-8C6A-C8968A06E515}.Debug|Any CPU.ActiveCfg = Debug|Any CPU
		{A473E13D-AC63-4289-8C6A-C8968A06E515}.Debug|Any CPU.Build.0 = Debug|Any CPU
		{A473E13D-AC63-4289-8C6A-C8968A06E515}.Release|Any CPU.ActiveCfg = Release|Any CPU
		{A473E13D-AC63-4289-8C6A-C8968A06E515}.Release|Any CPU.Build.0 = Release|Any CPU
		{DC4809EA-6321-4074-9B3C-8FFC483404DB}.Debug|Any CPU.ActiveCfg = Debug|Any CPU
		{DC4809EA-6321-4074-9B3C-8FFC483404DB}.Debug|Any CPU.Build.0 = Debug|Any CPU
		{DC4809EA-6321-4074-9B3C-8FFC483404DB}.Release|Any CPU.ActiveCfg = Release|Any CPU
		{DC4809EA-6321-4074-9B3C-8FFC483404DB}.Release|Any CPU.Build.0 = Release|Any CPU
		{EA8A8198-88E6-4CC6-AE80-4D22D02E5F05}.Debug|Any CPU.ActiveCfg = Debug|Any CPU
		{EA8A8198-88E6-4CC6-AE80-4D22D02E5F05}.Debug|Any CPU.Build.0 = Debug|Any CPU
		{EA8A8198-88E6-4CC6-AE80-4D22D02E5F05}.Release|Any CPU.ActiveCfg = Release|Any CPU
		{EA8A8198-88E6-4CC6-AE80-4D22D02E5F05}.Release|Any CPU.Build.0 = Release|Any CPU
		{ED7D0270-04B2-4F80-A337-77CABE3F62BF}.Debug|Any CPU.ActiveCfg = Debug|Any CPU
		{ED7D0270-04B2-4F80-A337-77CABE3F62BF}.Debug|Any CPU.Build.0 = Debug|Any CPU
		{ED7D0270-04B2-4F80-A337-77CABE3F62BF}.Release|Any CPU.ActiveCfg = Release|Any CPU
		{ED7D0270-04B2-4F80-A337-77CABE3F62BF}.Release|Any CPU.Build.0 = Release|Any CPU
		{00CFBDE5-1FDC-428B-8240-996FF6F42771}.Debug|Any CPU.ActiveCfg = Debug|Any CPU
		{00CFBDE5-1FDC-428B-8240-996FF6F42771}.Debug|Any CPU.Build.0 = Debug|Any CPU
		{00CFBDE5-1FDC-428B-8240-996FF6F42771}.Release|Any CPU.ActiveCfg = Release|Any CPU
		{00CFBDE5-1FDC-428B-8240-996FF6F42771}.Release|Any CPU.Build.0 = Release|Any CPU
		{A081A249-8B38-44E1-96C3-8BD5272EDFEC}.Debug|Any CPU.ActiveCfg = Debug|Any CPU
		{A081A249-8B38-44E1-96C3-8BD5272EDFEC}.Debug|Any CPU.Build.0 = Debug|Any CPU
		{A081A249-8B38-44E1-96C3-8BD5272EDFEC}.Release|Any CPU.ActiveCfg = Release|Any CPU
		{A081A249-8B38-44E1-96C3-8BD5272EDFEC}.Release|Any CPU.Build.0 = Release|Any CPU
	EndGlobalSection
	GlobalSection(SolutionProperties) = preSolution
		HideSolutionNode = FALSE
	EndGlobalSection
	GlobalSection(ExtensibilityGlobals) = postSolution
		SolutionGuid = {C9FDD89B-8E98-4B7C-BFC5-C84AE07BC98A}
	EndGlobalSection
EndGlobal
